// !$*UTF8*$!
{
	archiveVersion = 1;
	classes = {
	};
	objectVersion = 48;
	objects = {

/* Begin PBXBuildFile section */
		133E2ACC733744670A3B146D /* libPods-map_yang.a in Frameworks */ = {isa = PBXBuildFile; fileRef = 2E44AB1801697FA7AB1B0A79 /* libPods-map_yang.a */; };
		CB1BDB711FB1FF9A00228A15 /* HTMapManager.m in Sources */ = {isa = PBXBuildFile; fileRef = CB1BDB701FB1FF9A00228A15 /* HTMapManager.m */; };
		CB1BDB751FB2178300228A15 /* HTProgressHUD.m in Sources */ = {isa = PBXBuildFile; fileRef = CB1BDB741FB2178300228A15 /* HTProgressHUD.m */; };
		CB1BDB7A1FB21A4E00228A15 /* HTColor.m in Sources */ = {isa = PBXBuildFile; fileRef = CB1BDB791FB21A4E00228A15 /* HTColor.m */; };
		CB72BE201FC460ED00057F42 /* HTCallout_1_View.m in Sources */ = {isa = PBXBuildFile; fileRef = CB72BE1F1FC460ED00057F42 /* HTCallout_1_View.m */; };
		CB72BE221FC460FA00057F42 /* HTCallout_1_View.xib in Resources */ = {isa = PBXBuildFile; fileRef = CB72BE211FC460FA00057F42 /* HTCallout_1_View.xib */; };
		CBB3D76F1FB34C8000813783 /* HTRightMenuViewController.m in Sources */ = {isa = PBXBuildFile; fileRef = CBB3D76E1FB34C8000813783 /* HTRightMenuViewController.m */; };
		CBE6F8AC1FB0D01500DD346B /* AppDelegate.m in Sources */ = {isa = PBXBuildFile; fileRef = CBE6F8AB1FB0D01500DD346B /* AppDelegate.m */; };
		CBE6F8AF1FB0D01500DD346B /* ViewController.m in Sources */ = {isa = PBXBuildFile; fileRef = CBE6F8AE1FB0D01500DD346B /* ViewController.m */; };
		CBE6F8B21FB0D01500DD346B /* Main.storyboard in Resources */ = {isa = PBXBuildFile; fileRef = CBE6F8B01FB0D01500DD346B /* Main.storyboard */; };
		CBE6F8B41FB0D01500DD346B /* Assets.xcassets in Resources */ = {isa = PBXBuildFile; fileRef = CBE6F8B31FB0D01500DD346B /* Assets.xcassets */; };
		CBE6F8B71FB0D01500DD346B /* LaunchScreen.storyboard in Resources */ = {isa = PBXBuildFile; fileRef = CBE6F8B51FB0D01500DD346B /* LaunchScreen.storyboard */; };
		CBE6F8BA1FB0D01500DD346B /* main.m in Sources */ = {isa = PBXBuildFile; fileRef = CBE6F8B91FB0D01500DD346B /* main.m */; };
		CBF4546C1FB7CCF700D05B04 /* HTMainPoiViewController.m in Sources */ = {isa = PBXBuildFile; fileRef = CBF4546B1FB7CCF700D05B04 /* HTMainPoiViewController.m */; };
		CBF454701FB7D3FB00D05B04 /* HTMainPoiNavCtl.m in Sources */ = {isa = PBXBuildFile; fileRef = CBF4546F1FB7D3FB00D05B04 /* HTMainPoiNavCtl.m */; };
		CBF454761FB87EDB00D05B04 /* HTDataBaseManager.m in Sources */ = {isa = PBXBuildFile; fileRef = CBF454751FB87EDB00D05B04 /* HTDataBaseManager.m */; };
		CBF4547A1FB8809100D05B04 /* HTPoiSearchItemModel.m in Sources */ = {isa = PBXBuildFile; fileRef = CBF454791FB8809100D05B04 /* HTPoiSearchItemModel.m */; };
		CBF4547E1FC176C800D05B04 /* HTPOIDetailInfoHeaderView.m in Sources */ = {isa = PBXBuildFile; fileRef = CBF4547D1FC176C800D05B04 /* HTPOIDetailInfoHeaderView.m */; };
		CBF454811FC1BD2B00D05B04 /* HTPOIDetailInfoSubView.m in Sources */ = {isa = PBXBuildFile; fileRef = CBF454801FC1BD2B00D05B04 /* HTPOIDetailInfoSubView.m */; };
		CBF454831FC1BD4300D05B04 /* HTPOIDetailInfoSubView.xib in Resources */ = {isa = PBXBuildFile; fileRef = CBF454821FC1BD4300D05B04 /* HTPOIDetailInfoSubView.xib */; };
		FB10E74D1FC27F210073A289 /* UIView+AddClick.m in Sources */ = {isa = PBXBuildFile; fileRef = FB10E74C1FC27F200073A289 /* UIView+AddClick.m */; };
		FB1B49A71FB54E7A001A1DA3 /* HTPointAnnotation.m in Sources */ = {isa = PBXBuildFile; fileRef = FB1B49A61FB54E7A001A1DA3 /* HTPointAnnotation.m */; };
		FB1B49AE1FB58723001A1DA3 /* HTLiveWeatherInfoView.m in Sources */ = {isa = PBXBuildFile; fileRef = FB1B49AD1FB58723001A1DA3 /* HTLiveWeatherInfoView.m */; };
		FB1B49B01FB58B6F001A1DA3 /* HTLiveWeatherInfoView.xib in Resources */ = {isa = PBXBuildFile; fileRef = FB1B49AF1FB58B6F001A1DA3 /* HTLiveWeatherInfoView.xib */; };
		FB1B49B51FB688D6001A1DA3 /* HTSettingManager.m in Sources */ = {isa = PBXBuildFile; fileRef = FB1B49B41FB688D6001A1DA3 /* HTSettingManager.m */; };
		FB1B49B81FB696AF001A1DA3 /* hyy1gjm.ttf in Resources */ = {isa = PBXBuildFile; fileRef = FB1B49B71FB696AF001A1DA3 /* hyy1gjm.ttf */; };
		FB1B49BC1FB69FC2001A1DA3 /* UIControl+HTClicked.m in Sources */ = {isa = PBXBuildFile; fileRef = FB1B49BB1FB69FC2001A1DA3 /* UIControl+HTClicked.m */; };
		FB1B4A021FBD8B4D001A1DA3 /* HTPOIDetailInfoViewController.m in Sources */ = {isa = PBXBuildFile; fileRef = FB1B4A011FBD8B4D001A1DA3 /* HTPOIDetailInfoViewController.m */; };
		FB1B4A4B1FBD8DC1001A1DA3 /* NSArray+HTTools.m in Sources */ = {isa = PBXBuildFile; fileRef = FB1B4A061FBD8DC1001A1DA3 /* NSArray+HTTools.m */; };
		FB1B4A4C1FBD8DC1001A1DA3 /* NSDate+HTExtension.m in Sources */ = {isa = PBXBuildFile; fileRef = FB1B4A081FBD8DC1001A1DA3 /* NSDate+HTExtension.m */; };
		FB1B4A4D1FBD8DC1001A1DA3 /* NSObject+HTAOP.m in Sources */ = {isa = PBXBuildFile; fileRef = FB1B4A0A1FBD8DC1001A1DA3 /* NSObject+HTAOP.m */; };
		FB1B4A4E1FBD8DC1001A1DA3 /* NSString+HTTools.m in Sources */ = {isa = PBXBuildFile; fileRef = FB1B4A0C1FBD8DC1001A1DA3 /* NSString+HTTools.m */; };
		FB1B4A4F1FBD8DC1001A1DA3 /* HTTools+Annimation.m in Sources */ = {isa = PBXBuildFile; fileRef = FB1B4A101FBD8DC1001A1DA3 /* HTTools+Annimation.m */; };
		FB1B4A501FBD8DC1001A1DA3 /* HTTools+AOP.m in Sources */ = {isa = PBXBuildFile; fileRef = FB1B4A121FBD8DC1001A1DA3 /* HTTools+AOP.m */; };
		FB1B4A511FBD8DC1001A1DA3 /* HTTools+Array.m in Sources */ = {isa = PBXBuildFile; fileRef = FB1B4A141FBD8DC1001A1DA3 /* HTTools+Array.m */; };
		FB1B4A521FBD8DC1001A1DA3 /* HTTools+Cache.m in Sources */ = {isa = PBXBuildFile; fileRef = FB1B4A161FBD8DC1001A1DA3 /* HTTools+Cache.m */; };
		FB1B4A531FBD8DC1001A1DA3 /* HTTools+Date.m in Sources */ = {isa = PBXBuildFile; fileRef = FB1B4A181FBD8DC1001A1DA3 /* HTTools+Date.m */; };
		FB1B4A541FBD8DC1001A1DA3 /* HTTools+FileManager.m in Sources */ = {isa = PBXBuildFile; fileRef = FB1B4A1A1FBD8DC1001A1DA3 /* HTTools+FileManager.m */; };
		FB1B4A551FBD8DC1001A1DA3 /* HTTools+HTRegularExpression.m in Sources */ = {isa = PBXBuildFile; fileRef = FB1B4A1C1FBD8DC1001A1DA3 /* HTTools+HTRegularExpression.m */; };
		FB1B4A561FBD8DC1001A1DA3 /* HTTools+Image.m in Sources */ = {isa = PBXBuildFile; fileRef = FB1B4A1E1FBD8DC1001A1DA3 /* HTTools+Image.m */; };
		FB1B4A571FBD8DC1001A1DA3 /* HTTools+Label.m in Sources */ = {isa = PBXBuildFile; fileRef = FB1B4A201FBD8DC1001A1DA3 /* HTTools+Label.m */; };
		FB1B4A581FBD8DC1001A1DA3 /* HTTools+Model.m in Sources */ = {isa = PBXBuildFile; fileRef = FB1B4A221FBD8DC1001A1DA3 /* HTTools+Model.m */; };
		FB1B4A591FBD8DC1001A1DA3 /* HTTools+SafariService.m in Sources */ = {isa = PBXBuildFile; fileRef = FB1B4A241FBD8DC1001A1DA3 /* HTTools+SafariService.m */; };
		FB1B4A5A1FBD8DC1001A1DA3 /* HTTools+SandBox.m in Sources */ = {isa = PBXBuildFile; fileRef = FB1B4A261FBD8DC1001A1DA3 /* HTTools+SandBox.m */; };
		FB1B4A5B1FBD8DC1001A1DA3 /* HTTools+String.m in Sources */ = {isa = PBXBuildFile; fileRef = FB1B4A281FBD8DC1001A1DA3 /* HTTools+String.m */; };
		FB1B4A5C1FBD8DC1001A1DA3 /* HTTools+Systerm.m in Sources */ = {isa = PBXBuildFile; fileRef = FB1B4A2A1FBD8DC1001A1DA3 /* HTTools+Systerm.m */; };
		FB1B4A5D1FBD8DC1001A1DA3 /* HTTools.m in Sources */ = {isa = PBXBuildFile; fileRef = FB1B4A2C1FBD8DC1001A1DA3 /* HTTools.m */; };
		FB1B4A5E1FBD8DC1001A1DA3 /* UIButton+HT.m in Sources */ = {isa = PBXBuildFile; fileRef = FB1B4A301FBD8DC1001A1DA3 /* UIButton+HT.m */; };
		FB1B4A5F1FBD8DC1001A1DA3 /* UIControl+HTSound.m in Sources */ = {isa = PBXBuildFile; fileRef = FB1B4A321FBD8DC1001A1DA3 /* UIControl+HTSound.m */; };
		FB1B4A601FBD8DC1001A1DA3 /* UIImageView+HTReflect.m in Sources */ = {isa = PBXBuildFile; fileRef = FB1B4A341FBD8DC1001A1DA3 /* UIImageView+HTReflect.m */; };
		FB1B4A611FBD8DC1001A1DA3 /* UILabel+HTCountDown.m in Sources */ = {isa = PBXBuildFile; fileRef = FB1B4A361FBD8DC1001A1DA3 /* UILabel+HTCountDown.m */; };
		FB1B4A621FBD8DC1001A1DA3 /* UILabel+HTSpace.m in Sources */ = {isa = PBXBuildFile; fileRef = FB1B4A381FBD8DC1001A1DA3 /* UILabel+HTSpace.m */; };
		FB1B4A631FBD8DC1001A1DA3 /* UIResponder+HTFirstResponder.m in Sources */ = {isa = PBXBuildFile; fileRef = FB1B4A3A1FBD8DC1001A1DA3 /* UIResponder+HTFirstResponder.m */; };
		FB1B4A641FBD8DC1001A1DA3 /* UIScrollView+HTAddition.m in Sources */ = {isa = PBXBuildFile; fileRef = FB1B4A3C1FBD8DC1001A1DA3 /* UIScrollView+HTAddition.m */; };
		FB1B4A651FBD8DC1001A1DA3 /* UIScrollView+HTPages.m in Sources */ = {isa = PBXBuildFile; fileRef = FB1B4A3E1FBD8DC1001A1DA3 /* UIScrollView+HTPages.m */; };
		FB1B4A661FBD8DC1001A1DA3 /* UITableViewCell+HTDelaysContentTouches.m in Sources */ = {isa = PBXBuildFile; fileRef = FB1B4A401FBD8DC1001A1DA3 /* UITableViewCell+HTDelaysContentTouches.m */; };
		FB1B4A671FBD8DC1001A1DA3 /* UITextField+HTInputLimit.m in Sources */ = {isa = PBXBuildFile; fileRef = FB1B4A421FBD8DC1001A1DA3 /* UITextField+HTInputLimit.m */; };
		FB1B4A681FBD8DC1001A1DA3 /* UITextView+HTInputLimit.m in Sources */ = {isa = PBXBuildFile; fileRef = FB1B4A441FBD8DC1001A1DA3 /* UITextView+HTInputLimit.m */; };
		FB1B4A691FBD8DC1001A1DA3 /* UIView+HTBorderLine.m in Sources */ = {isa = PBXBuildFile; fileRef = FB1B4A461FBD8DC1001A1DA3 /* UIView+HTBorderLine.m */; };
		FB1B4A6A1FBD8DC1001A1DA3 /* UIView+HTExtension.m in Sources */ = {isa = PBXBuildFile; fileRef = FB1B4A481FBD8DC1001A1DA3 /* UIView+HTExtension.m */; };
		FB1B4A6B1FBD8DC1001A1DA3 /* UIView+HTRedPoint.m in Sources */ = {isa = PBXBuildFile; fileRef = FB1B4A4A1FBD8DC1001A1DA3 /* UIView+HTRedPoint.m */; };
		FB1B4A6F1FBE70E0001A1DA3 /* HTTransitionOne.m in Sources */ = {isa = PBXBuildFile; fileRef = FB1B4A6E1FBE70E0001A1DA3 /* HTTransitionOne.m */; };
		FB828F3F1FD531EC009D3BEA /* HTPOIAroundSearchController.m in Sources */ = {isa = PBXBuildFile; fileRef = FB828F3E1FD531EC009D3BEA /* HTPOIAroundSearchController.m */; };
		FB828F431FD54952009D3BEA /* HTPoiCell.m in Sources */ = {isa = PBXBuildFile; fileRef = FB828F421FD54952009D3BEA /* HTPoiCell.m */; };
		FBFBA2081FB2C53300B83ACC /* HTMainMapInfoView.m in Sources */ = {isa = PBXBuildFile; fileRef = FBFBA2071FB2C53300B83ACC /* HTMainMapInfoView.m */; };
		FBFBA2101FB43FB100B83ACC /* HTMapSelectTypeCell.m in Sources */ = {isa = PBXBuildFile; fileRef = FBFBA20F1FB43FB100B83ACC /* HTMapSelectTypeCell.m */; };
		FBFBA2141FB4518900B83ACC /* HTMapTypeCell.m in Sources */ = {isa = PBXBuildFile; fileRef = FBFBA2121FB4518900B83ACC /* HTMapTypeCell.m */; };
		FBFBA2151FB4518900B83ACC /* HTMapTypeCell.xib in Resources */ = {isa = PBXBuildFile; fileRef = FBFBA2131FB4518900B83ACC /* HTMapTypeCell.xib */; };
/* End PBXBuildFile section */

/* Begin PBXFileReference section */
		2E44AB1801697FA7AB1B0A79 /* libPods-map_yang.a */ = {isa = PBXFileReference; explicitFileType = archive.ar; includeInIndex = 0; path = "libPods-map_yang.a"; sourceTree = BUILT_PRODUCTS_DIR; };
		3112EBBC239EBB4CBCF91F15 /* Pods-map_yang.release.xcconfig */ = {isa = PBXFileReference; includeInIndex = 1; lastKnownFileType = text.xcconfig; name = "Pods-map_yang.release.xcconfig"; path = "Pods/Target Support Files/Pods-map_yang/Pods-map_yang.release.xcconfig"; sourceTree = "<group>"; };
		C83FADBBC2154186F119A597 /* Pods-map_yang.debug.xcconfig */ = {isa = PBXFileReference; includeInIndex = 1; lastKnownFileType = text.xcconfig; name = "Pods-map_yang.debug.xcconfig"; path = "Pods/Target Support Files/Pods-map_yang/Pods-map_yang.debug.xcconfig"; sourceTree = "<group>"; };
		CB1BDB6F1FB1FF9A00228A15 /* HTMapManager.h */ = {isa = PBXFileReference; lastKnownFileType = sourcecode.c.h; path = HTMapManager.h; sourceTree = "<group>"; };
		CB1BDB701FB1FF9A00228A15 /* HTMapManager.m */ = {isa = PBXFileReference; lastKnownFileType = sourcecode.c.objc; path = HTMapManager.m; sourceTree = "<group>"; };
		CB1BDB731FB2178300228A15 /* HTProgressHUD.h */ = {isa = PBXFileReference; lastKnownFileType = sourcecode.c.h; path = HTProgressHUD.h; sourceTree = "<group>"; };
		CB1BDB741FB2178300228A15 /* HTProgressHUD.m */ = {isa = PBXFileReference; lastKnownFileType = sourcecode.c.objc; path = HTProgressHUD.m; sourceTree = "<group>"; };
		CB1BDB781FB21A4E00228A15 /* HTColor.h */ = {isa = PBXFileReference; lastKnownFileType = sourcecode.c.h; path = HTColor.h; sourceTree = "<group>"; };
		CB1BDB791FB21A4E00228A15 /* HTColor.m */ = {isa = PBXFileReference; lastKnownFileType = sourcecode.c.objc; path = HTColor.m; sourceTree = "<group>"; };
		CB72BE1E1FC460ED00057F42 /* HTCallout_1_View.h */ = {isa = PBXFileReference; lastKnownFileType = sourcecode.c.h; path = HTCallout_1_View.h; sourceTree = "<group>"; };
		CB72BE1F1FC460ED00057F42 /* HTCallout_1_View.m */ = {isa = PBXFileReference; lastKnownFileType = sourcecode.c.objc; path = HTCallout_1_View.m; sourceTree = "<group>"; };
		CB72BE211FC460FA00057F42 /* HTCallout_1_View.xib */ = {isa = PBXFileReference; lastKnownFileType = file.xib; path = HTCallout_1_View.xib; sourceTree = "<group>"; };
		CBB3D76D1FB34C8000813783 /* HTRightMenuViewController.h */ = {isa = PBXFileReference; lastKnownFileType = sourcecode.c.h; path = HTRightMenuViewController.h; sourceTree = "<group>"; };
		CBB3D76E1FB34C8000813783 /* HTRightMenuViewController.m */ = {isa = PBXFileReference; lastKnownFileType = sourcecode.c.objc; path = HTRightMenuViewController.m; sourceTree = "<group>"; };
		CBE6F8A71FB0D01500DD346B /* map_yang.app */ = {isa = PBXFileReference; explicitFileType = wrapper.application; includeInIndex = 0; path = map_yang.app; sourceTree = BUILT_PRODUCTS_DIR; };
		CBE6F8AA1FB0D01500DD346B /* AppDelegate.h */ = {isa = PBXFileReference; lastKnownFileType = sourcecode.c.h; path = AppDelegate.h; sourceTree = "<group>"; };
		CBE6F8AB1FB0D01500DD346B /* AppDelegate.m */ = {isa = PBXFileReference; lastKnownFileType = sourcecode.c.objc; path = AppDelegate.m; sourceTree = "<group>"; };
		CBE6F8AD1FB0D01500DD346B /* ViewController.h */ = {isa = PBXFileReference; lastKnownFileType = sourcecode.c.h; path = ViewController.h; sourceTree = "<group>"; };
		CBE6F8AE1FB0D01500DD346B /* ViewController.m */ = {isa = PBXFileReference; lastKnownFileType = sourcecode.c.objc; path = ViewController.m; sourceTree = "<group>"; };
		CBE6F8B11FB0D01500DD346B /* Base */ = {isa = PBXFileReference; lastKnownFileType = file.storyboard; name = Base; path = Base.lproj/Main.storyboard; sourceTree = "<group>"; };
		CBE6F8B31FB0D01500DD346B /* Assets.xcassets */ = {isa = PBXFileReference; lastKnownFileType = folder.assetcatalog; path = Assets.xcassets; sourceTree = "<group>"; };
		CBE6F8B61FB0D01500DD346B /* Base */ = {isa = PBXFileReference; lastKnownFileType = file.storyboard; name = Base; path = Base.lproj/LaunchScreen.storyboard; sourceTree = "<group>"; };
		CBE6F8B81FB0D01500DD346B /* Info.plist */ = {isa = PBXFileReference; lastKnownFileType = text.plist.xml; path = Info.plist; sourceTree = "<group>"; };
		CBE6F8B91FB0D01500DD346B /* main.m */ = {isa = PBXFileReference; lastKnownFileType = sourcecode.c.objc; path = main.m; sourceTree = "<group>"; };
		CBF4546A1FB7CCF700D05B04 /* HTMainPoiViewController.h */ = {isa = PBXFileReference; lastKnownFileType = sourcecode.c.h; path = HTMainPoiViewController.h; sourceTree = "<group>"; };
		CBF4546B1FB7CCF700D05B04 /* HTMainPoiViewController.m */ = {isa = PBXFileReference; lastKnownFileType = sourcecode.c.objc; path = HTMainPoiViewController.m; sourceTree = "<group>"; };
		CBF4546E1FB7D3FB00D05B04 /* HTMainPoiNavCtl.h */ = {isa = PBXFileReference; lastKnownFileType = sourcecode.c.h; path = HTMainPoiNavCtl.h; sourceTree = "<group>"; };
		CBF4546F1FB7D3FB00D05B04 /* HTMainPoiNavCtl.m */ = {isa = PBXFileReference; lastKnownFileType = sourcecode.c.objc; path = HTMainPoiNavCtl.m; sourceTree = "<group>"; };
		CBF454711FB81FE900D05B04 /* zh-Hans */ = {isa = PBXFileReference; lastKnownFileType = text.plist.strings; name = "zh-Hans"; path = "zh-Hans.lproj/LaunchScreen.strings"; sourceTree = "<group>"; };
		CBF454721FB81FE900D05B04 /* zh-Hans */ = {isa = PBXFileReference; lastKnownFileType = text.plist.strings; name = "zh-Hans"; path = "zh-Hans.lproj/Main.strings"; sourceTree = "<group>"; };
		CBF454741FB87EDB00D05B04 /* HTDataBaseManager.h */ = {isa = PBXFileReference; lastKnownFileType = sourcecode.c.h; path = HTDataBaseManager.h; sourceTree = "<group>"; };
		CBF454751FB87EDB00D05B04 /* HTDataBaseManager.m */ = {isa = PBXFileReference; lastKnownFileType = sourcecode.c.objc; path = HTDataBaseManager.m; sourceTree = "<group>"; };
		CBF454781FB8809100D05B04 /* HTPoiSearchItemModel.h */ = {isa = PBXFileReference; lastKnownFileType = sourcecode.c.h; path = HTPoiSearchItemModel.h; sourceTree = "<group>"; };
		CBF454791FB8809100D05B04 /* HTPoiSearchItemModel.m */ = {isa = PBXFileReference; lastKnownFileType = sourcecode.c.objc; path = HTPoiSearchItemModel.m; sourceTree = "<group>"; };
		CBF4547C1FC176C800D05B04 /* HTPOIDetailInfoHeaderView.h */ = {isa = PBXFileReference; lastKnownFileType = sourcecode.c.h; path = HTPOIDetailInfoHeaderView.h; sourceTree = "<group>"; };
		CBF4547D1FC176C800D05B04 /* HTPOIDetailInfoHeaderView.m */ = {isa = PBXFileReference; lastKnownFileType = sourcecode.c.objc; path = HTPOIDetailInfoHeaderView.m; sourceTree = "<group>"; };
		CBF4547F1FC1BD2B00D05B04 /* HTPOIDetailInfoSubView.h */ = {isa = PBXFileReference; lastKnownFileType = sourcecode.c.h; path = HTPOIDetailInfoSubView.h; sourceTree = "<group>"; };
		CBF454801FC1BD2B00D05B04 /* HTPOIDetailInfoSubView.m */ = {isa = PBXFileReference; lastKnownFileType = sourcecode.c.objc; path = HTPOIDetailInfoSubView.m; sourceTree = "<group>"; };
		CBF454821FC1BD4300D05B04 /* HTPOIDetailInfoSubView.xib */ = {isa = PBXFileReference; lastKnownFileType = file.xib; path = HTPOIDetailInfoSubView.xib; sourceTree = "<group>"; };
		FB10E74B1FC27F200073A289 /* UIView+AddClick.h */ = {isa = PBXFileReference; fileEncoding = 4; lastKnownFileType = sourcecode.c.h; path = "UIView+AddClick.h"; sourceTree = "<group>"; };
		FB10E74C1FC27F200073A289 /* UIView+AddClick.m */ = {isa = PBXFileReference; fileEncoding = 4; lastKnownFileType = sourcecode.c.objc; path = "UIView+AddClick.m"; sourceTree = "<group>"; };
		FB1B49A51FB54E7A001A1DA3 /* HTPointAnnotation.h */ = {isa = PBXFileReference; lastKnownFileType = sourcecode.c.h; path = HTPointAnnotation.h; sourceTree = "<group>"; };
		FB1B49A61FB54E7A001A1DA3 /* HTPointAnnotation.m */ = {isa = PBXFileReference; lastKnownFileType = sourcecode.c.objc; path = HTPointAnnotation.m; sourceTree = "<group>"; };
		FB1B49AC1FB58723001A1DA3 /* HTLiveWeatherInfoView.h */ = {isa = PBXFileReference; lastKnownFileType = sourcecode.c.h; path = HTLiveWeatherInfoView.h; sourceTree = "<group>"; };
		FB1B49AD1FB58723001A1DA3 /* HTLiveWeatherInfoView.m */ = {isa = PBXFileReference; lastKnownFileType = sourcecode.c.objc; path = HTLiveWeatherInfoView.m; sourceTree = "<group>"; };
		FB1B49AF1FB58B6F001A1DA3 /* HTLiveWeatherInfoView.xib */ = {isa = PBXFileReference; lastKnownFileType = file.xib; path = HTLiveWeatherInfoView.xib; sourceTree = "<group>"; };
		FB1B49B21FB68596001A1DA3 /* map_yang-Prefix.pch */ = {isa = PBXFileReference; lastKnownFileType = sourcecode.c.h; path = "map_yang-Prefix.pch"; sourceTree = "<group>"; };
		FB1B49B31FB688D6001A1DA3 /* HTSettingManager.h */ = {isa = PBXFileReference; lastKnownFileType = sourcecode.c.h; path = HTSettingManager.h; sourceTree = "<group>"; };
		FB1B49B41FB688D6001A1DA3 /* HTSettingManager.m */ = {isa = PBXFileReference; lastKnownFileType = sourcecode.c.objc; path = HTSettingManager.m; sourceTree = "<group>"; };
		FB1B49B71FB696AF001A1DA3 /* hyy1gjm.ttf */ = {isa = PBXFileReference; lastKnownFileType = file; path = hyy1gjm.ttf; sourceTree = "<group>"; };
		FB1B49BA1FB69FC2001A1DA3 /* UIControl+HTClicked.h */ = {isa = PBXFileReference; fileEncoding = 4; lastKnownFileType = sourcecode.c.h; path = "UIControl+HTClicked.h"; sourceTree = "<group>"; };
		FB1B49BB1FB69FC2001A1DA3 /* UIControl+HTClicked.m */ = {isa = PBXFileReference; fileEncoding = 4; lastKnownFileType = sourcecode.c.objc; path = "UIControl+HTClicked.m"; sourceTree = "<group>"; };
		FB1B4A001FBD8B4D001A1DA3 /* HTPOIDetailInfoViewController.h */ = {isa = PBXFileReference; lastKnownFileType = sourcecode.c.h; path = HTPOIDetailInfoViewController.h; sourceTree = "<group>"; };
		FB1B4A011FBD8B4D001A1DA3 /* HTPOIDetailInfoViewController.m */ = {isa = PBXFileReference; lastKnownFileType = sourcecode.c.objc; path = HTPOIDetailInfoViewController.m; sourceTree = "<group>"; };
		FB1B4A051FBD8DC1001A1DA3 /* NSArray+HTTools.h */ = {isa = PBXFileReference; fileEncoding = 4; lastKnownFileType = sourcecode.c.h; path = "NSArray+HTTools.h"; sourceTree = "<group>"; };
		FB1B4A061FBD8DC1001A1DA3 /* NSArray+HTTools.m */ = {isa = PBXFileReference; fileEncoding = 4; lastKnownFileType = sourcecode.c.objc; path = "NSArray+HTTools.m"; sourceTree = "<group>"; };
		FB1B4A071FBD8DC1001A1DA3 /* NSDate+HTExtension.h */ = {isa = PBXFileReference; fileEncoding = 4; lastKnownFileType = sourcecode.c.h; path = "NSDate+HTExtension.h"; sourceTree = "<group>"; };
		FB1B4A081FBD8DC1001A1DA3 /* NSDate+HTExtension.m */ = {isa = PBXFileReference; fileEncoding = 4; lastKnownFileType = sourcecode.c.objc; path = "NSDate+HTExtension.m"; sourceTree = "<group>"; };
		FB1B4A091FBD8DC1001A1DA3 /* NSObject+HTAOP.h */ = {isa = PBXFileReference; fileEncoding = 4; lastKnownFileType = sourcecode.c.h; path = "NSObject+HTAOP.h"; sourceTree = "<group>"; };
		FB1B4A0A1FBD8DC1001A1DA3 /* NSObject+HTAOP.m */ = {isa = PBXFileReference; fileEncoding = 4; lastKnownFileType = sourcecode.c.objc; path = "NSObject+HTAOP.m"; sourceTree = "<group>"; };
		FB1B4A0B1FBD8DC1001A1DA3 /* NSString+HTTools.h */ = {isa = PBXFileReference; fileEncoding = 4; lastKnownFileType = sourcecode.c.h; path = "NSString+HTTools.h"; sourceTree = "<group>"; };
		FB1B4A0C1FBD8DC1001A1DA3 /* NSString+HTTools.m */ = {isa = PBXFileReference; fileEncoding = 4; lastKnownFileType = sourcecode.c.objc; path = "NSString+HTTools.m"; sourceTree = "<group>"; };
		FB1B4A0D1FBD8DC1001A1DA3 /* HTToolSet.h */ = {isa = PBXFileReference; fileEncoding = 4; lastKnownFileType = sourcecode.c.h; path = HTToolSet.h; sourceTree = "<group>"; };
		FB1B4A0F1FBD8DC1001A1DA3 /* HTTools+Annimation.h */ = {isa = PBXFileReference; fileEncoding = 4; lastKnownFileType = sourcecode.c.h; path = "HTTools+Annimation.h"; sourceTree = "<group>"; };
		FB1B4A101FBD8DC1001A1DA3 /* HTTools+Annimation.m */ = {isa = PBXFileReference; fileEncoding = 4; lastKnownFileType = sourcecode.c.objc; path = "HTTools+Annimation.m"; sourceTree = "<group>"; };
		FB1B4A111FBD8DC1001A1DA3 /* HTTools+AOP.h */ = {isa = PBXFileReference; fileEncoding = 4; lastKnownFileType = sourcecode.c.h; path = "HTTools+AOP.h"; sourceTree = "<group>"; };
		FB1B4A121FBD8DC1001A1DA3 /* HTTools+AOP.m */ = {isa = PBXFileReference; fileEncoding = 4; lastKnownFileType = sourcecode.c.objc; path = "HTTools+AOP.m"; sourceTree = "<group>"; };
		FB1B4A131FBD8DC1001A1DA3 /* HTTools+Array.h */ = {isa = PBXFileReference; fileEncoding = 4; lastKnownFileType = sourcecode.c.h; path = "HTTools+Array.h"; sourceTree = "<group>"; };
		FB1B4A141FBD8DC1001A1DA3 /* HTTools+Array.m */ = {isa = PBXFileReference; fileEncoding = 4; lastKnownFileType = sourcecode.c.objc; path = "HTTools+Array.m"; sourceTree = "<group>"; };
		FB1B4A151FBD8DC1001A1DA3 /* HTTools+Cache.h */ = {isa = PBXFileReference; fileEncoding = 4; lastKnownFileType = sourcecode.c.h; path = "HTTools+Cache.h"; sourceTree = "<group>"; };
		FB1B4A161FBD8DC1001A1DA3 /* HTTools+Cache.m */ = {isa = PBXFileReference; fileEncoding = 4; lastKnownFileType = sourcecode.c.objc; path = "HTTools+Cache.m"; sourceTree = "<group>"; };
		FB1B4A171FBD8DC1001A1DA3 /* HTTools+Date.h */ = {isa = PBXFileReference; fileEncoding = 4; lastKnownFileType = sourcecode.c.h; path = "HTTools+Date.h"; sourceTree = "<group>"; };
		FB1B4A181FBD8DC1001A1DA3 /* HTTools+Date.m */ = {isa = PBXFileReference; fileEncoding = 4; lastKnownFileType = sourcecode.c.objc; path = "HTTools+Date.m"; sourceTree = "<group>"; };
		FB1B4A191FBD8DC1001A1DA3 /* HTTools+FileManager.h */ = {isa = PBXFileReference; fileEncoding = 4; lastKnownFileType = sourcecode.c.h; path = "HTTools+FileManager.h"; sourceTree = "<group>"; };
		FB1B4A1A1FBD8DC1001A1DA3 /* HTTools+FileManager.m */ = {isa = PBXFileReference; fileEncoding = 4; lastKnownFileType = sourcecode.c.objc; path = "HTTools+FileManager.m"; sourceTree = "<group>"; };
		FB1B4A1B1FBD8DC1001A1DA3 /* HTTools+HTRegularExpression.h */ = {isa = PBXFileReference; fileEncoding = 4; lastKnownFileType = sourcecode.c.h; path = "HTTools+HTRegularExpression.h"; sourceTree = "<group>"; };
		FB1B4A1C1FBD8DC1001A1DA3 /* HTTools+HTRegularExpression.m */ = {isa = PBXFileReference; fileEncoding = 4; lastKnownFileType = sourcecode.c.objc; path = "HTTools+HTRegularExpression.m"; sourceTree = "<group>"; };
		FB1B4A1D1FBD8DC1001A1DA3 /* HTTools+Image.h */ = {isa = PBXFileReference; fileEncoding = 4; lastKnownFileType = sourcecode.c.h; path = "HTTools+Image.h"; sourceTree = "<group>"; };
		FB1B4A1E1FBD8DC1001A1DA3 /* HTTools+Image.m */ = {isa = PBXFileReference; fileEncoding = 4; lastKnownFileType = sourcecode.c.objc; path = "HTTools+Image.m"; sourceTree = "<group>"; };
		FB1B4A1F1FBD8DC1001A1DA3 /* HTTools+Label.h */ = {isa = PBXFileReference; fileEncoding = 4; lastKnownFileType = sourcecode.c.h; path = "HTTools+Label.h"; sourceTree = "<group>"; };
		FB1B4A201FBD8DC1001A1DA3 /* HTTools+Label.m */ = {isa = PBXFileReference; fileEncoding = 4; lastKnownFileType = sourcecode.c.objc; path = "HTTools+Label.m"; sourceTree = "<group>"; };
		FB1B4A211FBD8DC1001A1DA3 /* HTTools+Model.h */ = {isa = PBXFileReference; fileEncoding = 4; lastKnownFileType = sourcecode.c.h; path = "HTTools+Model.h"; sourceTree = "<group>"; };
		FB1B4A221FBD8DC1001A1DA3 /* HTTools+Model.m */ = {isa = PBXFileReference; fileEncoding = 4; lastKnownFileType = sourcecode.c.objc; path = "HTTools+Model.m"; sourceTree = "<group>"; };
		FB1B4A231FBD8DC1001A1DA3 /* HTTools+SafariService.h */ = {isa = PBXFileReference; fileEncoding = 4; lastKnownFileType = sourcecode.c.h; path = "HTTools+SafariService.h"; sourceTree = "<group>"; };
		FB1B4A241FBD8DC1001A1DA3 /* HTTools+SafariService.m */ = {isa = PBXFileReference; fileEncoding = 4; lastKnownFileType = sourcecode.c.objc; path = "HTTools+SafariService.m"; sourceTree = "<group>"; };
		FB1B4A251FBD8DC1001A1DA3 /* HTTools+SandBox.h */ = {isa = PBXFileReference; fileEncoding = 4; lastKnownFileType = sourcecode.c.h; path = "HTTools+SandBox.h"; sourceTree = "<group>"; };
		FB1B4A261FBD8DC1001A1DA3 /* HTTools+SandBox.m */ = {isa = PBXFileReference; fileEncoding = 4; lastKnownFileType = sourcecode.c.objc; path = "HTTools+SandBox.m"; sourceTree = "<group>"; };
		FB1B4A271FBD8DC1001A1DA3 /* HTTools+String.h */ = {isa = PBXFileReference; fileEncoding = 4; lastKnownFileType = sourcecode.c.h; path = "HTTools+String.h"; sourceTree = "<group>"; };
		FB1B4A281FBD8DC1001A1DA3 /* HTTools+String.m */ = {isa = PBXFileReference; fileEncoding = 4; lastKnownFileType = sourcecode.c.objc; path = "HTTools+String.m"; sourceTree = "<group>"; };
		FB1B4A291FBD8DC1001A1DA3 /* HTTools+Systerm.h */ = {isa = PBXFileReference; fileEncoding = 4; lastKnownFileType = sourcecode.c.h; path = "HTTools+Systerm.h"; sourceTree = "<group>"; };
		FB1B4A2A1FBD8DC1001A1DA3 /* HTTools+Systerm.m */ = {isa = PBXFileReference; fileEncoding = 4; lastKnownFileType = sourcecode.c.objc; path = "HTTools+Systerm.m"; sourceTree = "<group>"; };
		FB1B4A2B1FBD8DC1001A1DA3 /* HTTools.h */ = {isa = PBXFileReference; fileEncoding = 4; lastKnownFileType = sourcecode.c.h; path = HTTools.h; sourceTree = "<group>"; };
		FB1B4A2C1FBD8DC1001A1DA3 /* HTTools.m */ = {isa = PBXFileReference; fileEncoding = 4; lastKnownFileType = sourcecode.c.objc; path = HTTools.m; sourceTree = "<group>"; };
		FB1B4A2D1FBD8DC1001A1DA3 /* RegularExpressionExample.h */ = {isa = PBXFileReference; fileEncoding = 4; lastKnownFileType = sourcecode.c.h; path = RegularExpressionExample.h; sourceTree = "<group>"; };
		FB1B4A2F1FBD8DC1001A1DA3 /* UIButton+HT.h */ = {isa = PBXFileReference; fileEncoding = 4; lastKnownFileType = sourcecode.c.h; path = "UIButton+HT.h"; sourceTree = "<group>"; };
		FB1B4A301FBD8DC1001A1DA3 /* UIButton+HT.m */ = {isa = PBXFileReference; fileEncoding = 4; lastKnownFileType = sourcecode.c.objc; path = "UIButton+HT.m"; sourceTree = "<group>"; };
		FB1B4A311FBD8DC1001A1DA3 /* UIControl+HTSound.h */ = {isa = PBXFileReference; fileEncoding = 4; lastKnownFileType = sourcecode.c.h; path = "UIControl+HTSound.h"; sourceTree = "<group>"; };
		FB1B4A321FBD8DC1001A1DA3 /* UIControl+HTSound.m */ = {isa = PBXFileReference; fileEncoding = 4; lastKnownFileType = sourcecode.c.objc; path = "UIControl+HTSound.m"; sourceTree = "<group>"; };
		FB1B4A331FBD8DC1001A1DA3 /* UIImageView+HTReflect.h */ = {isa = PBXFileReference; fileEncoding = 4; lastKnownFileType = sourcecode.c.h; path = "UIImageView+HTReflect.h"; sourceTree = "<group>"; };
		FB1B4A341FBD8DC1001A1DA3 /* UIImageView+HTReflect.m */ = {isa = PBXFileReference; fileEncoding = 4; lastKnownFileType = sourcecode.c.objc; path = "UIImageView+HTReflect.m"; sourceTree = "<group>"; };
		FB1B4A351FBD8DC1001A1DA3 /* UILabel+HTCountDown.h */ = {isa = PBXFileReference; fileEncoding = 4; lastKnownFileType = sourcecode.c.h; path = "UILabel+HTCountDown.h"; sourceTree = "<group>"; };
		FB1B4A361FBD8DC1001A1DA3 /* UILabel+HTCountDown.m */ = {isa = PBXFileReference; fileEncoding = 4; lastKnownFileType = sourcecode.c.objc; path = "UILabel+HTCountDown.m"; sourceTree = "<group>"; };
		FB1B4A371FBD8DC1001A1DA3 /* UILabel+HTSpace.h */ = {isa = PBXFileReference; fileEncoding = 4; lastKnownFileType = sourcecode.c.h; path = "UILabel+HTSpace.h"; sourceTree = "<group>"; };
		FB1B4A381FBD8DC1001A1DA3 /* UILabel+HTSpace.m */ = {isa = PBXFileReference; fileEncoding = 4; lastKnownFileType = sourcecode.c.objc; path = "UILabel+HTSpace.m"; sourceTree = "<group>"; };
		FB1B4A391FBD8DC1001A1DA3 /* UIResponder+HTFirstResponder.h */ = {isa = PBXFileReference; fileEncoding = 4; lastKnownFileType = sourcecode.c.h; path = "UIResponder+HTFirstResponder.h"; sourceTree = "<group>"; };
		FB1B4A3A1FBD8DC1001A1DA3 /* UIResponder+HTFirstResponder.m */ = {isa = PBXFileReference; fileEncoding = 4; lastKnownFileType = sourcecode.c.objc; path = "UIResponder+HTFirstResponder.m"; sourceTree = "<group>"; };
		FB1B4A3B1FBD8DC1001A1DA3 /* UIScrollView+HTAddition.h */ = {isa = PBXFileReference; fileEncoding = 4; lastKnownFileType = sourcecode.c.h; path = "UIScrollView+HTAddition.h"; sourceTree = "<group>"; };
		FB1B4A3C1FBD8DC1001A1DA3 /* UIScrollView+HTAddition.m */ = {isa = PBXFileReference; fileEncoding = 4; lastKnownFileType = sourcecode.c.objc; path = "UIScrollView+HTAddition.m"; sourceTree = "<group>"; };
		FB1B4A3D1FBD8DC1001A1DA3 /* UIScrollView+HTPages.h */ = {isa = PBXFileReference; fileEncoding = 4; lastKnownFileType = sourcecode.c.h; path = "UIScrollView+HTPages.h"; sourceTree = "<group>"; };
		FB1B4A3E1FBD8DC1001A1DA3 /* UIScrollView+HTPages.m */ = {isa = PBXFileReference; fileEncoding = 4; lastKnownFileType = sourcecode.c.objc; path = "UIScrollView+HTPages.m"; sourceTree = "<group>"; };
		FB1B4A3F1FBD8DC1001A1DA3 /* UITableViewCell+HTDelaysContentTouches.h */ = {isa = PBXFileReference; fileEncoding = 4; lastKnownFileType = sourcecode.c.h; path = "UITableViewCell+HTDelaysContentTouches.h"; sourceTree = "<group>"; };
		FB1B4A401FBD8DC1001A1DA3 /* UITableViewCell+HTDelaysContentTouches.m */ = {isa = PBXFileReference; fileEncoding = 4; lastKnownFileType = sourcecode.c.objc; path = "UITableViewCell+HTDelaysContentTouches.m"; sourceTree = "<group>"; };
		FB1B4A411FBD8DC1001A1DA3 /* UITextField+HTInputLimit.h */ = {isa = PBXFileReference; fileEncoding = 4; lastKnownFileType = sourcecode.c.h; path = "UITextField+HTInputLimit.h"; sourceTree = "<group>"; };
		FB1B4A421FBD8DC1001A1DA3 /* UITextField+HTInputLimit.m */ = {isa = PBXFileReference; fileEncoding = 4; lastKnownFileType = sourcecode.c.objc; path = "UITextField+HTInputLimit.m"; sourceTree = "<group>"; };
		FB1B4A431FBD8DC1001A1DA3 /* UITextView+HTInputLimit.h */ = {isa = PBXFileReference; fileEncoding = 4; lastKnownFileType = sourcecode.c.h; path = "UITextView+HTInputLimit.h"; sourceTree = "<group>"; };
		FB1B4A441FBD8DC1001A1DA3 /* UITextView+HTInputLimit.m */ = {isa = PBXFileReference; fileEncoding = 4; lastKnownFileType = sourcecode.c.objc; path = "UITextView+HTInputLimit.m"; sourceTree = "<group>"; };
		FB1B4A451FBD8DC1001A1DA3 /* UIView+HTBorderLine.h */ = {isa = PBXFileReference; fileEncoding = 4; lastKnownFileType = sourcecode.c.h; path = "UIView+HTBorderLine.h"; sourceTree = "<group>"; };
		FB1B4A461FBD8DC1001A1DA3 /* UIView+HTBorderLine.m */ = {isa = PBXFileReference; fileEncoding = 4; lastKnownFileType = sourcecode.c.objc; path = "UIView+HTBorderLine.m"; sourceTree = "<group>"; };
		FB1B4A471FBD8DC1001A1DA3 /* UIView+HTExtension.h */ = {isa = PBXFileReference; fileEncoding = 4; lastKnownFileType = sourcecode.c.h; path = "UIView+HTExtension.h"; sourceTree = "<group>"; };
		FB1B4A481FBD8DC1001A1DA3 /* UIView+HTExtension.m */ = {isa = PBXFileReference; fileEncoding = 4; lastKnownFileType = sourcecode.c.objc; path = "UIView+HTExtension.m"; sourceTree = "<group>"; };
		FB1B4A491FBD8DC1001A1DA3 /* UIView+HTRedPoint.h */ = {isa = PBXFileReference; fileEncoding = 4; lastKnownFileType = sourcecode.c.h; path = "UIView+HTRedPoint.h"; sourceTree = "<group>"; };
		FB1B4A4A1FBD8DC1001A1DA3 /* UIView+HTRedPoint.m */ = {isa = PBXFileReference; fileEncoding = 4; lastKnownFileType = sourcecode.c.objc; path = "UIView+HTRedPoint.m"; sourceTree = "<group>"; };
		FB1B4A6D1FBE70E0001A1DA3 /* HTTransitionOne.h */ = {isa = PBXFileReference; lastKnownFileType = sourcecode.c.h; path = HTTransitionOne.h; sourceTree = "<group>"; };
		FB1B4A6E1FBE70E0001A1DA3 /* HTTransitionOne.m */ = {isa = PBXFileReference; lastKnownFileType = sourcecode.c.objc; path = HTTransitionOne.m; sourceTree = "<group>"; };
		FB828F3D1FD531EC009D3BEA /* HTPOIAroundSearchController.h */ = {isa = PBXFileReference; lastKnownFileType = sourcecode.c.h; path = HTPOIAroundSearchController.h; sourceTree = "<group>"; };
		FB828F3E1FD531EC009D3BEA /* HTPOIAroundSearchController.m */ = {isa = PBXFileReference; lastKnownFileType = sourcecode.c.objc; path = HTPOIAroundSearchController.m; sourceTree = "<group>"; };
		FB828F411FD54952009D3BEA /* HTPoiCell.h */ = {isa = PBXFileReference; lastKnownFileType = sourcecode.c.h; path = HTPoiCell.h; sourceTree = "<group>"; };
		FB828F421FD54952009D3BEA /* HTPoiCell.m */ = {isa = PBXFileReference; lastKnownFileType = sourcecode.c.objc; path = HTPoiCell.m; sourceTree = "<group>"; };
		FBFBA2061FB2C53300B83ACC /* HTMainMapInfoView.h */ = {isa = PBXFileReference; lastKnownFileType = sourcecode.c.h; path = HTMainMapInfoView.h; sourceTree = "<group>"; };
		FBFBA2071FB2C53300B83ACC /* HTMainMapInfoView.m */ = {isa = PBXFileReference; lastKnownFileType = sourcecode.c.objc; path = HTMainMapInfoView.m; sourceTree = "<group>"; };
		FBFBA20E1FB43FB100B83ACC /* HTMapSelectTypeCell.h */ = {isa = PBXFileReference; lastKnownFileType = sourcecode.c.h; path = HTMapSelectTypeCell.h; sourceTree = "<group>"; };
		FBFBA20F1FB43FB100B83ACC /* HTMapSelectTypeCell.m */ = {isa = PBXFileReference; lastKnownFileType = sourcecode.c.objc; path = HTMapSelectTypeCell.m; sourceTree = "<group>"; };
		FBFBA2111FB4518900B83ACC /* HTMapTypeCell.h */ = {isa = PBXFileReference; lastKnownFileType = sourcecode.c.h; path = HTMapTypeCell.h; sourceTree = "<group>"; };
		FBFBA2121FB4518900B83ACC /* HTMapTypeCell.m */ = {isa = PBXFileReference; lastKnownFileType = sourcecode.c.objc; path = HTMapTypeCell.m; sourceTree = "<group>"; };
		FBFBA2131FB4518900B83ACC /* HTMapTypeCell.xib */ = {isa = PBXFileReference; lastKnownFileType = file.xib; path = HTMapTypeCell.xib; sourceTree = "<group>"; };
/* End PBXFileReference section */

/* Begin PBXFrameworksBuildPhase section */
		CBE6F8A41FB0D01500DD346B /* Frameworks */ = {
			isa = PBXFrameworksBuildPhase;
			buildActionMask = 2147483647;
			files = (
				133E2ACC733744670A3B146D /* libPods-map_yang.a in Frameworks */,
			);
			runOnlyForDeploymentPostprocessing = 0;
		};
/* End PBXFrameworksBuildPhase section */

/* Begin PBXGroup section */
		619867C1FF7F88058317FD76 /* Frameworks */ = {
			isa = PBXGroup;
			children = (
				2E44AB1801697FA7AB1B0A79 /* libPods-map_yang.a */,
			);
			name = Frameworks;
			sourceTree = "<group>";
		};
		CB1BDB6E1FB1FF8000228A15 /* MapManager */ = {
			isa = PBXGroup;
			children = (
				CB1BDB6F1FB1FF9A00228A15 /* HTMapManager.h */,
				CB1BDB701FB1FF9A00228A15 /* HTMapManager.m */,
			);
			path = MapManager;
			sourceTree = "<group>";
		};
		CB1BDB721FB2176300228A15 /* HTProgressHUD */ = {
			isa = PBXGroup;
			children = (
				CB1BDB731FB2178300228A15 /* HTProgressHUD.h */,
				CB1BDB741FB2178300228A15 /* HTProgressHUD.m */,
			);
			path = HTProgressHUD;
			sourceTree = "<group>";
		};
		CB1BDB761FB21A0D00228A15 /* Custom */ = {
			isa = PBXGroup;
			children = (
				FB10E74A1FC27F200073A289 /* UIView+AddClick */,
				FB1B4A6C1FBE70B9001A1DA3 /* Transition */,
				FB1B4A031FBD8DC1001A1DA3 /* HTTools */,
				CBF454731FB87EBF00D05B04 /* DataBase */,
				FB1B49B91FB69FC2001A1DA3 /* Category */,
				FB1B49B61FB688E2001A1DA3 /* HTSettingManager */,
				CB1BDB771FB21A3C00228A15 /* HTColor */,
				CB1BDB721FB2176300228A15 /* HTProgressHUD */,
				CB1BDB6E1FB1FF8000228A15 /* MapManager */,
			);
			path = Custom;
			sourceTree = "<group>";
		};
		CB1BDB771FB21A3C00228A15 /* HTColor */ = {
			isa = PBXGroup;
			children = (
				CB1BDB781FB21A4E00228A15 /* HTColor.h */,
				CB1BDB791FB21A4E00228A15 /* HTColor.m */,
			);
			path = HTColor;
			sourceTree = "<group>";
		};
		CBB3D76C1FB34C5B00813783 /* rightController */ = {
			isa = PBXGroup;
			children = (
				FB1B49B11FB683E5001A1DA3 /* Model */,
				FBFBA2091FB3DB6000B83ACC /* Cell */,
				CBB3D76D1FB34C8000813783 /* HTRightMenuViewController.h */,
				CBB3D76E1FB34C8000813783 /* HTRightMenuViewController.m */,
			);
			path = rightController;
			sourceTree = "<group>";
		};
		CBE6F89E1FB0D01500DD346B = {
			isa = PBXGroup;
			children = (
				CBE6F8A91FB0D01500DD346B /* map_yang */,
				CBE6F8A81FB0D01500DD346B /* Products */,
				FE5C3B7321D3293472A1C115 /* Pods */,
				619867C1FF7F88058317FD76 /* Frameworks */,
			);
			sourceTree = "<group>";
		};
		CBE6F8A81FB0D01500DD346B /* Products */ = {
			isa = PBXGroup;
			children = (
				CBE6F8A71FB0D01500DD346B /* map_yang.app */,
			);
			name = Products;
			sourceTree = "<group>";
		};
		CBE6F8A91FB0D01500DD346B /* map_yang */ = {
			isa = PBXGroup;
			children = (
				CB1BDB761FB21A0D00228A15 /* Custom */,
				CBE6F8AA1FB0D01500DD346B /* AppDelegate.h */,
				CBE6F8AB1FB0D01500DD346B /* AppDelegate.m */,
				FB1B49A91FB586EB001A1DA3 /* Weather */,
				CBB3D76C1FB34C5B00813783 /* rightController */,
				FBFBA2031FB2C48000B83ACC /* MainMap页面 */,
				CBF454681FB7CCBE00D05B04 /* MainPOIViewController */,
				CBE6F8B51FB0D01500DD346B /* LaunchScreen.storyboard */,
				CBE6F8B01FB0D01500DD346B /* Main.storyboard */,
				CBE6F8B31FB0D01500DD346B /* Assets.xcassets */,
				FB1B49B71FB696AF001A1DA3 /* hyy1gjm.ttf */,
				CBE6F8B81FB0D01500DD346B /* Info.plist */,
				CBE6F8B91FB0D01500DD346B /* main.m */,
				FB1B49B21FB68596001A1DA3 /* map_yang-Prefix.pch */,
			);
			path = map_yang;
			sourceTree = "<group>";
		};
		CBF454631FB5D53D00D05B04 /* Controller */ = {
			isa = PBXGroup;
			children = (
			);
			path = Controller;
			sourceTree = "<group>";
		};
		CBF454681FB7CCBE00D05B04 /* MainPOIViewController */ = {
			isa = PBXGroup;
			children = (
				FB828F401FD54934009D3BEA /* View */,
				CBF454771FB8802B00D05B04 /* Model */,
				CBF454691FB7CCD400D05B04 /* Controller */,
			);
			path = MainPOIViewController;
			sourceTree = "<group>";
		};
		CBF454691FB7CCD400D05B04 /* Controller */ = {
			isa = PBXGroup;
			children = (
				FB828F3C1FD531AD009D3BEA /* POI周边 */,
				FB1B49FF1FBD8B21001A1DA3 /* POI搜索详情 */,
				CBF4546D1FB7D3D100D05B04 /* nav */,
				CBF4546A1FB7CCF700D05B04 /* HTMainPoiViewController.h */,
				CBF4546B1FB7CCF700D05B04 /* HTMainPoiViewController.m */,
			);
			path = Controller;
			sourceTree = "<group>";
		};
		CBF4546D1FB7D3D100D05B04 /* nav */ = {
			isa = PBXGroup;
			children = (
				CBF4546E1FB7D3FB00D05B04 /* HTMainPoiNavCtl.h */,
				CBF4546F1FB7D3FB00D05B04 /* HTMainPoiNavCtl.m */,
			);
			path = nav;
			sourceTree = "<group>";
		};
		CBF454731FB87EBF00D05B04 /* DataBase */ = {
			isa = PBXGroup;
			children = (
				CBF454741FB87EDB00D05B04 /* HTDataBaseManager.h */,
				CBF454751FB87EDB00D05B04 /* HTDataBaseManager.m */,
			);
			path = DataBase;
			sourceTree = "<group>";
		};
		CBF454771FB8802B00D05B04 /* Model */ = {
			isa = PBXGroup;
			children = (
				CBF454781FB8809100D05B04 /* HTPoiSearchItemModel.h */,
				CBF454791FB8809100D05B04 /* HTPoiSearchItemModel.m */,
			);
			path = Model;
			sourceTree = "<group>";
		};
		CBF4547B1FC176A700D05B04 /* View */ = {
			isa = PBXGroup;
			children = (
				CBF4547C1FC176C800D05B04 /* HTPOIDetailInfoHeaderView.h */,
				CBF4547D1FC176C800D05B04 /* HTPOIDetailInfoHeaderView.m */,
				CBF4547F1FC1BD2B00D05B04 /* HTPOIDetailInfoSubView.h */,
				CBF454801FC1BD2B00D05B04 /* HTPOIDetailInfoSubView.m */,
				CBF454821FC1BD4300D05B04 /* HTPOIDetailInfoSubView.xib */,
			);
			path = View;
			sourceTree = "<group>";
		};
		FB10E74A1FC27F200073A289 /* UIView+AddClick */ = {
			isa = PBXGroup;
			children = (
				FB10E74B1FC27F200073A289 /* UIView+AddClick.h */,
				FB10E74C1FC27F200073A289 /* UIView+AddClick.m */,
			);
			path = "UIView+AddClick";
			sourceTree = "<group>";
		};
		FB1B49A81FB54E7F001A1DA3 /* Model */ = {
			isa = PBXGroup;
			children = (
				FB1B49A51FB54E7A001A1DA3 /* HTPointAnnotation.h */,
				FB1B49A61FB54E7A001A1DA3 /* HTPointAnnotation.m */,
			);
			path = Model;
			sourceTree = "<group>";
		};
		FB1B49A91FB586EB001A1DA3 /* Weather */ = {
			isa = PBXGroup;
			children = (
				CBF454631FB5D53D00D05B04 /* Controller */,
				FB1B49AA1FB586FA001A1DA3 /* View */,
			);
			path = Weather;
			sourceTree = "<group>";
		};
		FB1B49AA1FB586FA001A1DA3 /* View */ = {
			isa = PBXGroup;
			children = (
				FB1B49AC1FB58723001A1DA3 /* HTLiveWeatherInfoView.h */,
				FB1B49AD1FB58723001A1DA3 /* HTLiveWeatherInfoView.m */,
				FB1B49AF1FB58B6F001A1DA3 /* HTLiveWeatherInfoView.xib */,
			);
			path = View;
			sourceTree = "<group>";
		};
		FB1B49B11FB683E5001A1DA3 /* Model */ = {
			isa = PBXGroup;
			children = (
			);
			path = Model;
			sourceTree = "<group>";
		};
		FB1B49B61FB688E2001A1DA3 /* HTSettingManager */ = {
			isa = PBXGroup;
			children = (
				FB1B49B31FB688D6001A1DA3 /* HTSettingManager.h */,
				FB1B49B41FB688D6001A1DA3 /* HTSettingManager.m */,
			);
			path = HTSettingManager;
			sourceTree = "<group>";
		};
		FB1B49B91FB69FC2001A1DA3 /* Category */ = {
			isa = PBXGroup;
			children = (
				FB1B49BA1FB69FC2001A1DA3 /* UIControl+HTClicked.h */,
				FB1B49BB1FB69FC2001A1DA3 /* UIControl+HTClicked.m */,
			);
			path = Category;
			sourceTree = "<group>";
		};
		FB1B49FF1FBD8B21001A1DA3 /* POI搜索详情 */ = {
			isa = PBXGroup;
			children = (
				CBF4547B1FC176A700D05B04 /* View */,
				FB1B4A001FBD8B4D001A1DA3 /* HTPOIDetailInfoViewController.h */,
				FB1B4A011FBD8B4D001A1DA3 /* HTPOIDetailInfoViewController.m */,
			);
			path = "POI搜索详情";
			sourceTree = "<group>";
		};
		FB1B4A031FBD8DC1001A1DA3 /* HTTools */ = {
			isa = PBXGroup;
			children = (
				FB1B4A041FBD8DC1001A1DA3 /* Foundatiion */,
				FB1B4A0D1FBD8DC1001A1DA3 /* HTToolSet.h */,
				FB1B4A0E1FBD8DC1001A1DA3 /* Tools */,
				FB1B4A2E1FBD8DC1001A1DA3 /* UIKit+Category */,
			);
			path = HTTools;
			sourceTree = "<group>";
		};
		FB1B4A041FBD8DC1001A1DA3 /* Foundatiion */ = {
			isa = PBXGroup;
			children = (
				FB1B4A051FBD8DC1001A1DA3 /* NSArray+HTTools.h */,
				FB1B4A061FBD8DC1001A1DA3 /* NSArray+HTTools.m */,
				FB1B4A071FBD8DC1001A1DA3 /* NSDate+HTExtension.h */,
				FB1B4A081FBD8DC1001A1DA3 /* NSDate+HTExtension.m */,
				FB1B4A091FBD8DC1001A1DA3 /* NSObject+HTAOP.h */,
				FB1B4A0A1FBD8DC1001A1DA3 /* NSObject+HTAOP.m */,
				FB1B4A0B1FBD8DC1001A1DA3 /* NSString+HTTools.h */,
				FB1B4A0C1FBD8DC1001A1DA3 /* NSString+HTTools.m */,
			);
			path = Foundatiion;
			sourceTree = "<group>";
		};
		FB1B4A0E1FBD8DC1001A1DA3 /* Tools */ = {
			isa = PBXGroup;
			children = (
				FB1B4A0F1FBD8DC1001A1DA3 /* HTTools+Annimation.h */,
				FB1B4A101FBD8DC1001A1DA3 /* HTTools+Annimation.m */,
				FB1B4A111FBD8DC1001A1DA3 /* HTTools+AOP.h */,
				FB1B4A121FBD8DC1001A1DA3 /* HTTools+AOP.m */,
				FB1B4A131FBD8DC1001A1DA3 /* HTTools+Array.h */,
				FB1B4A141FBD8DC1001A1DA3 /* HTTools+Array.m */,
				FB1B4A151FBD8DC1001A1DA3 /* HTTools+Cache.h */,
				FB1B4A161FBD8DC1001A1DA3 /* HTTools+Cache.m */,
				FB1B4A171FBD8DC1001A1DA3 /* HTTools+Date.h */,
				FB1B4A181FBD8DC1001A1DA3 /* HTTools+Date.m */,
				FB1B4A191FBD8DC1001A1DA3 /* HTTools+FileManager.h */,
				FB1B4A1A1FBD8DC1001A1DA3 /* HTTools+FileManager.m */,
				FB1B4A1B1FBD8DC1001A1DA3 /* HTTools+HTRegularExpression.h */,
				FB1B4A1C1FBD8DC1001A1DA3 /* HTTools+HTRegularExpression.m */,
				FB1B4A1D1FBD8DC1001A1DA3 /* HTTools+Image.h */,
				FB1B4A1E1FBD8DC1001A1DA3 /* HTTools+Image.m */,
				FB1B4A1F1FBD8DC1001A1DA3 /* HTTools+Label.h */,
				FB1B4A201FBD8DC1001A1DA3 /* HTTools+Label.m */,
				FB1B4A211FBD8DC1001A1DA3 /* HTTools+Model.h */,
				FB1B4A221FBD8DC1001A1DA3 /* HTTools+Model.m */,
				FB1B4A231FBD8DC1001A1DA3 /* HTTools+SafariService.h */,
				FB1B4A241FBD8DC1001A1DA3 /* HTTools+SafariService.m */,
				FB1B4A251FBD8DC1001A1DA3 /* HTTools+SandBox.h */,
				FB1B4A261FBD8DC1001A1DA3 /* HTTools+SandBox.m */,
				FB1B4A271FBD8DC1001A1DA3 /* HTTools+String.h */,
				FB1B4A281FBD8DC1001A1DA3 /* HTTools+String.m */,
				FB1B4A291FBD8DC1001A1DA3 /* HTTools+Systerm.h */,
				FB1B4A2A1FBD8DC1001A1DA3 /* HTTools+Systerm.m */,
				FB1B4A2B1FBD8DC1001A1DA3 /* HTTools.h */,
				FB1B4A2C1FBD8DC1001A1DA3 /* HTTools.m */,
				FB1B4A2D1FBD8DC1001A1DA3 /* RegularExpressionExample.h */,
			);
			path = Tools;
			sourceTree = "<group>";
		};
		FB1B4A2E1FBD8DC1001A1DA3 /* UIKit+Category */ = {
			isa = PBXGroup;
			children = (
				FB1B4A2F1FBD8DC1001A1DA3 /* UIButton+HT.h */,
				FB1B4A301FBD8DC1001A1DA3 /* UIButton+HT.m */,
				FB1B4A311FBD8DC1001A1DA3 /* UIControl+HTSound.h */,
				FB1B4A321FBD8DC1001A1DA3 /* UIControl+HTSound.m */,
				FB1B4A331FBD8DC1001A1DA3 /* UIImageView+HTReflect.h */,
				FB1B4A341FBD8DC1001A1DA3 /* UIImageView+HTReflect.m */,
				FB1B4A351FBD8DC1001A1DA3 /* UILabel+HTCountDown.h */,
				FB1B4A361FBD8DC1001A1DA3 /* UILabel+HTCountDown.m */,
				FB1B4A371FBD8DC1001A1DA3 /* UILabel+HTSpace.h */,
				FB1B4A381FBD8DC1001A1DA3 /* UILabel+HTSpace.m */,
				FB1B4A391FBD8DC1001A1DA3 /* UIResponder+HTFirstResponder.h */,
				FB1B4A3A1FBD8DC1001A1DA3 /* UIResponder+HTFirstResponder.m */,
				FB1B4A3B1FBD8DC1001A1DA3 /* UIScrollView+HTAddition.h */,
				FB1B4A3C1FBD8DC1001A1DA3 /* UIScrollView+HTAddition.m */,
				FB1B4A3D1FBD8DC1001A1DA3 /* UIScrollView+HTPages.h */,
				FB1B4A3E1FBD8DC1001A1DA3 /* UIScrollView+HTPages.m */,
				FB1B4A3F1FBD8DC1001A1DA3 /* UITableViewCell+HTDelaysContentTouches.h */,
				FB1B4A401FBD8DC1001A1DA3 /* UITableViewCell+HTDelaysContentTouches.m */,
				FB1B4A411FBD8DC1001A1DA3 /* UITextField+HTInputLimit.h */,
				FB1B4A421FBD8DC1001A1DA3 /* UITextField+HTInputLimit.m */,
				FB1B4A431FBD8DC1001A1DA3 /* UITextView+HTInputLimit.h */,
				FB1B4A441FBD8DC1001A1DA3 /* UITextView+HTInputLimit.m */,
				FB1B4A451FBD8DC1001A1DA3 /* UIView+HTBorderLine.h */,
				FB1B4A461FBD8DC1001A1DA3 /* UIView+HTBorderLine.m */,
				FB1B4A471FBD8DC1001A1DA3 /* UIView+HTExtension.h */,
				FB1B4A481FBD8DC1001A1DA3 /* UIView+HTExtension.m */,
				FB1B4A491FBD8DC1001A1DA3 /* UIView+HTRedPoint.h */,
				FB1B4A4A1FBD8DC1001A1DA3 /* UIView+HTRedPoint.m */,
			);
			path = "UIKit+Category";
			sourceTree = "<group>";
		};
		FB1B4A6C1FBE70B9001A1DA3 /* Transition */ = {
			isa = PBXGroup;
			children = (
				FB1B4A6D1FBE70E0001A1DA3 /* HTTransitionOne.h */,
				FB1B4A6E1FBE70E0001A1DA3 /* HTTransitionOne.m */,
			);
			path = Transition;
			sourceTree = "<group>";
		};
		FB828F3C1FD531AD009D3BEA /* POI周边 */ = {
			isa = PBXGroup;
			children = (
				FB828F3D1FD531EC009D3BEA /* HTPOIAroundSearchController.h */,
				FB828F3E1FD531EC009D3BEA /* HTPOIAroundSearchController.m */,
			);
			path = "POI周边";
			sourceTree = "<group>";
		};
		FB828F401FD54934009D3BEA /* View */ = {
			isa = PBXGroup;
			children = (
				FB828F411FD54952009D3BEA /* HTPoiCell.h */,
				FB828F421FD54952009D3BEA /* HTPoiCell.m */,
			);
			path = View;
			sourceTree = "<group>";
		};
		FBFBA2031FB2C48000B83ACC /* MainMap页面 */ = {
			isa = PBXGroup;
			children = (
				FB1B49A81FB54E7F001A1DA3 /* Model */,
				FBFBA2051FB2C4B300B83ACC /* View */,
				FBFBA2041FB2C4AD00B83ACC /* Controller */,
			);
			path = "MainMap页面";
			sourceTree = "<group>";
		};
		FBFBA2041FB2C4AD00B83ACC /* Controller */ = {
			isa = PBXGroup;
			children = (
				CBE6F8AD1FB0D01500DD346B /* ViewController.h */,
				CBE6F8AE1FB0D01500DD346B /* ViewController.m */,
			);
			path = Controller;
			sourceTree = "<group>";
		};
		FBFBA2051FB2C4B300B83ACC /* View */ = {
			isa = PBXGroup;
			children = (
				FBFBA2061FB2C53300B83ACC /* HTMainMapInfoView.h */,
				FBFBA2071FB2C53300B83ACC /* HTMainMapInfoView.m */,
				CB72BE1E1FC460ED00057F42 /* HTCallout_1_View.h */,
				CB72BE1F1FC460ED00057F42 /* HTCallout_1_View.m */,
				CB72BE211FC460FA00057F42 /* HTCallout_1_View.xib */,
			);
			path = View;
			sourceTree = "<group>";
		};
		FBFBA2091FB3DB6000B83ACC /* Cell */ = {
			isa = PBXGroup;
			children = (
				FBFBA20E1FB43FB100B83ACC /* HTMapSelectTypeCell.h */,
				FBFBA20F1FB43FB100B83ACC /* HTMapSelectTypeCell.m */,
				FBFBA2111FB4518900B83ACC /* HTMapTypeCell.h */,
				FBFBA2121FB4518900B83ACC /* HTMapTypeCell.m */,
				FBFBA2131FB4518900B83ACC /* HTMapTypeCell.xib */,
			);
			path = Cell;
			sourceTree = "<group>";
		};
		FE5C3B7321D3293472A1C115 /* Pods */ = {
			isa = PBXGroup;
			children = (
				C83FADBBC2154186F119A597 /* Pods-map_yang.debug.xcconfig */,
				3112EBBC239EBB4CBCF91F15 /* Pods-map_yang.release.xcconfig */,
			);
			name = Pods;
			sourceTree = "<group>";
		};
/* End PBXGroup section */

/* Begin PBXNativeTarget section */
		CBE6F8A61FB0D01500DD346B /* map_yang */ = {
			isa = PBXNativeTarget;
			buildConfigurationList = CBE6F8BD1FB0D01500DD346B /* Build configuration list for PBXNativeTarget "map_yang" */;
			buildPhases = (
				AF50EFEECE35D9E6F84E0297 /* [CP] Check Pods Manifest.lock */,
				CBE6F8A31FB0D01500DD346B /* Sources */,
				CBE6F8A41FB0D01500DD346B /* Frameworks */,
				CBE6F8A51FB0D01500DD346B /* Resources */,
				29A3BBCE66D5CFB815D5000E /* [CP] Embed Pods Frameworks */,
				9AE002A2CFC0659D19D2BF87 /* [CP] Copy Pods Resources */,
			);
			buildRules = (
			);
			dependencies = (
			);
			name = map_yang;
			productName = map_yang;
			productReference = CBE6F8A71FB0D01500DD346B /* map_yang.app */;
			productType = "com.apple.product-type.application";
		};
/* End PBXNativeTarget section */

/* Begin PBXProject section */
		CBE6F89F1FB0D01500DD346B /* Project object */ = {
			isa = PBXProject;
			attributes = {
				CLASSPREFIX = HT;
				LastUpgradeCheck = 0910;
				ORGANIZATIONNAME = niesiyang;
				TargetAttributes = {
					CBE6F8A61FB0D01500DD346B = {
						CreatedOnToolsVersion = 9.1;
						ProvisioningStyle = Automatic;
					};
				};
			};
			buildConfigurationList = CBE6F8A21FB0D01500DD346B /* Build configuration list for PBXProject "map_yang" */;
			compatibilityVersion = "Xcode 8.0";
			developmentRegion = en;
			hasScannedForEncodings = 0;
			knownRegions = (
				Base,
			);
			mainGroup = CBE6F89E1FB0D01500DD346B;
			productRefGroup = CBE6F8A81FB0D01500DD346B /* Products */;
			projectDirPath = "";
			projectRoot = "";
			targets = (
				CBE6F8A61FB0D01500DD346B /* map_yang */,
			);
		};
/* End PBXProject section */

/* Begin PBXResourcesBuildPhase section */
		CBE6F8A51FB0D01500DD346B /* Resources */ = {
			isa = PBXResourcesBuildPhase;
			buildActionMask = 2147483647;
			files = (
				CBE6F8B71FB0D01500DD346B /* LaunchScreen.storyboard in Resources */,
				CBF454831FC1BD4300D05B04 /* HTPOIDetailInfoSubView.xib in Resources */,
				CBE6F8B41FB0D01500DD346B /* Assets.xcassets in Resources */,
				FBFBA2151FB4518900B83ACC /* HTMapTypeCell.xib in Resources */,
				CBE6F8B21FB0D01500DD346B /* Main.storyboard in Resources */,
				FB1B49B81FB696AF001A1DA3 /* hyy1gjm.ttf in Resources */,
				FB1B49B01FB58B6F001A1DA3 /* HTLiveWeatherInfoView.xib in Resources */,
				CB72BE221FC460FA00057F42 /* HTCallout_1_View.xib in Resources */,
			);
			runOnlyForDeploymentPostprocessing = 0;
		};
/* End PBXResourcesBuildPhase section */

/* Begin PBXShellScriptBuildPhase section */
		29A3BBCE66D5CFB815D5000E /* [CP] Embed Pods Frameworks */ = {
			isa = PBXShellScriptBuildPhase;
			buildActionMask = 2147483647;
			files = (
			);
			inputPaths = (
			);
			name = "[CP] Embed Pods Frameworks";
			outputPaths = (
			);
			runOnlyForDeploymentPostprocessing = 0;
			shellPath = /bin/sh;
			shellScript = "\"${SRCROOT}/Pods/Target Support Files/Pods-map_yang/Pods-map_yang-frameworks.sh\"\n";
			showEnvVarsInLog = 0;
		};
		9AE002A2CFC0659D19D2BF87 /* [CP] Copy Pods Resources */ = {
			isa = PBXShellScriptBuildPhase;
			buildActionMask = 2147483647;
			files = (
			);
			inputPaths = (
				"${SRCROOT}/Pods/Target Support Files/Pods-map_yang/Pods-map_yang-resources.sh",
				"${PODS_ROOT}/AMap3DMap/MAMapKit.framework/AMap.bundle",
				"${PODS_ROOT}/AMapNavi/AMapNaviKit.framework/AMapNavi.bundle",
				"${PODS_ROOT}/IQKeyboardManager/IQKeyboardManager/Resources/IQKeyboardManager.bundle",
				"${PODS_ROOT}/MJRefresh/MJRefresh/MJRefresh.bundle",
			);
			name = "[CP] Copy Pods Resources";
			outputPaths = (
				"${TARGET_BUILD_DIR}/${UNLOCALIZED_RESOURCES_FOLDER_PATH}",
			);
			runOnlyForDeploymentPostprocessing = 0;
			shellPath = /bin/sh;
			shellScript = "\"${SRCROOT}/Pods/Target Support Files/Pods-map_yang/Pods-map_yang-resources.sh\"\n";
			showEnvVarsInLog = 0;
		};
		AF50EFEECE35D9E6F84E0297 /* [CP] Check Pods Manifest.lock */ = {
			isa = PBXShellScriptBuildPhase;
			buildActionMask = 2147483647;
			files = (
			);
			inputPaths = (
				"${PODS_PODFILE_DIR_PATH}/Podfile.lock",
				"${PODS_ROOT}/Manifest.lock",
			);
			name = "[CP] Check Pods Manifest.lock";
			outputPaths = (
				"$(DERIVED_FILE_DIR)/Pods-map_yang-checkManifestLockResult.txt",
			);
			runOnlyForDeploymentPostprocessing = 0;
			shellPath = /bin/sh;
			shellScript = "diff \"${PODS_PODFILE_DIR_PATH}/Podfile.lock\" \"${PODS_ROOT}/Manifest.lock\" > /dev/null\nif [ $? != 0 ] ; then\n    # print error to STDERR\n    echo \"error: The sandbox is not in sync with the Podfile.lock. Run 'pod install' or update your CocoaPods installation.\" >&2\n    exit 1\nfi\n# This output is used by Xcode 'outputs' to avoid re-running this script phase.\necho \"SUCCESS\" > \"${SCRIPT_OUTPUT_FILE_0}\"\n";
			showEnvVarsInLog = 0;
		};
/* End PBXShellScriptBuildPhase section */

/* Begin PBXSourcesBuildPhase section */
		CBE6F8A31FB0D01500DD346B /* Sources */ = {
			isa = PBXSourcesBuildPhase;
			buildActionMask = 2147483647;
			files = (
				FB1B49A71FB54E7A001A1DA3 /* HTPointAnnotation.m in Sources */,
				FB1B49BC1FB69FC2001A1DA3 /* UIControl+HTClicked.m in Sources */,
				FB1B4A5B1FBD8DC1001A1DA3 /* HTTools+String.m in Sources */,
				FB1B4A661FBD8DC1001A1DA3 /* UITableViewCell+HTDelaysContentTouches.m in Sources */,
				FB1B4A601FBD8DC1001A1DA3 /* UIImageView+HTReflect.m in Sources */,
				CBF4547E1FC176C800D05B04 /* HTPOIDetailInfoHeaderView.m in Sources */,
				FB1B4A5D1FBD8DC1001A1DA3 /* HTTools.m in Sources */,
				FB1B4A571FBD8DC1001A1DA3 /* HTTools+Label.m in Sources */,
				FB1B49AE1FB58723001A1DA3 /* HTLiveWeatherInfoView.m in Sources */,
				FB1B4A561FBD8DC1001A1DA3 /* HTTools+Image.m in Sources */,
				FB1B4A4C1FBD8DC1001A1DA3 /* NSDate+HTExtension.m in Sources */,
				FB1B4A691FBD8DC1001A1DA3 /* UIView+HTBorderLine.m in Sources */,
				FB1B4A501FBD8DC1001A1DA3 /* HTTools+AOP.m in Sources */,
				CBE6F8AF1FB0D01500DD346B /* ViewController.m in Sources */,
				FB1B4A581FBD8DC1001A1DA3 /* HTTools+Model.m in Sources */,
				FB1B4A5C1FBD8DC1001A1DA3 /* HTTools+Systerm.m in Sources */,
				FB1B4A6B1FBD8DC1001A1DA3 /* UIView+HTRedPoint.m in Sources */,
				FB828F3F1FD531EC009D3BEA /* HTPOIAroundSearchController.m in Sources */,
				FBFBA2101FB43FB100B83ACC /* HTMapSelectTypeCell.m in Sources */,
				FB828F431FD54952009D3BEA /* HTPoiCell.m in Sources */,
				FB1B4A4D1FBD8DC1001A1DA3 /* NSObject+HTAOP.m in Sources */,
				FB1B4A521FBD8DC1001A1DA3 /* HTTools+Cache.m in Sources */,
				FB1B4A651FBD8DC1001A1DA3 /* UIScrollView+HTPages.m in Sources */,
				FB1B4A681FBD8DC1001A1DA3 /* UITextView+HTInputLimit.m in Sources */,
				FB1B4A671FBD8DC1001A1DA3 /* UITextField+HTInputLimit.m in Sources */,
				FB1B4A6F1FBE70E0001A1DA3 /* HTTransitionOne.m in Sources */,
				CBE6F8BA1FB0D01500DD346B /* main.m in Sources */,
				FB1B49B51FB688D6001A1DA3 /* HTSettingManager.m in Sources */,
				FB1B4A631FBD8DC1001A1DA3 /* UIResponder+HTFirstResponder.m in Sources */,
				FB1B4A021FBD8B4D001A1DA3 /* HTPOIDetailInfoViewController.m in Sources */,
				CB1BDB711FB1FF9A00228A15 /* HTMapManager.m in Sources */,
				FB1B4A621FBD8DC1001A1DA3 /* UILabel+HTSpace.m in Sources */,
				FB1B4A4E1FBD8DC1001A1DA3 /* NSString+HTTools.m in Sources */,
				FB1B4A591FBD8DC1001A1DA3 /* HTTools+SafariService.m in Sources */,
				FB1B4A511FBD8DC1001A1DA3 /* HTTools+Array.m in Sources */,
				FB1B4A5E1FBD8DC1001A1DA3 /* UIButton+HT.m in Sources */,
				CB1BDB7A1FB21A4E00228A15 /* HTColor.m in Sources */,
				FB1B4A4F1FBD8DC1001A1DA3 /* HTTools+Annimation.m in Sources */,
				CBB3D76F1FB34C8000813783 /* HTRightMenuViewController.m in Sources */,
				FBFBA2081FB2C53300B83ACC /* HTMainMapInfoView.m in Sources */,
				FB1B4A4B1FBD8DC1001A1DA3 /* NSArray+HTTools.m in Sources */,
				CBF454761FB87EDB00D05B04 /* HTDataBaseManager.m in Sources */,
				CBE6F8AC1FB0D01500DD346B /* AppDelegate.m in Sources */,
				CBF454811FC1BD2B00D05B04 /* HTPOIDetailInfoSubView.m in Sources */,
				CB72BE201FC460ED00057F42 /* HTCallout_1_View.m in Sources */,
				FB1B4A641FBD8DC1001A1DA3 /* UIScrollView+HTAddition.m in Sources */,
				FBFBA2141FB4518900B83ACC /* HTMapTypeCell.m in Sources */,
				FB1B4A531FBD8DC1001A1DA3 /* HTTools+Date.m in Sources */,
				CBF454701FB7D3FB00D05B04 /* HTMainPoiNavCtl.m in Sources */,
				CBF4547A1FB8809100D05B04 /* HTPoiSearchItemModel.m in Sources */,
				FB10E74D1FC27F210073A289 /* UIView+AddClick.m in Sources */,
				CB1BDB751FB2178300228A15 /* HTProgressHUD.m in Sources */,
				FB1B4A5A1FBD8DC1001A1DA3 /* HTTools+SandBox.m in Sources */,
				CBF4546C1FB7CCF700D05B04 /* HTMainPoiViewController.m in Sources */,
				FB1B4A611FBD8DC1001A1DA3 /* UILabel+HTCountDown.m in Sources */,
				FB1B4A5F1FBD8DC1001A1DA3 /* UIControl+HTSound.m in Sources */,
				FB1B4A551FBD8DC1001A1DA3 /* HTTools+HTRegularExpression.m in Sources */,
				FB1B4A541FBD8DC1001A1DA3 /* HTTools+FileManager.m in Sources */,
				FB1B4A6A1FBD8DC1001A1DA3 /* UIView+HTExtension.m in Sources */,
			);
			runOnlyForDeploymentPostprocessing = 0;
		};
/* End PBXSourcesBuildPhase section */

/* Begin PBXVariantGroup section */
		CBE6F8B01FB0D01500DD346B /* Main.storyboard */ = {
			isa = PBXVariantGroup;
			children = (
				CBE6F8B11FB0D01500DD346B /* Base */,
				CBF454721FB81FE900D05B04 /* zh-Hans */,
			);
			name = Main.storyboard;
			sourceTree = "<group>";
		};
		CBE6F8B51FB0D01500DD346B /* LaunchScreen.storyboard */ = {
			isa = PBXVariantGroup;
			children = (
				CBE6F8B61FB0D01500DD346B /* Base */,
				CBF454711FB81FE900D05B04 /* zh-Hans */,
			);
			name = LaunchScreen.storyboard;
			sourceTree = "<group>";
		};
/* End PBXVariantGroup section */

/* Begin XCBuildConfiguration section */
		CBE6F8BB1FB0D01500DD346B /* Debug */ = {
			isa = XCBuildConfiguration;
			buildSettings = {
				ALWAYS_SEARCH_USER_PATHS = NO;
				CLANG_ANALYZER_LOCALIZABILITY_NONLOCALIZED = YES;
				CLANG_ANALYZER_NONNULL = YES;
				CLANG_ANALYZER_NUMBER_OBJECT_CONVERSION = YES_AGGRESSIVE;
				CLANG_CXX_LANGUAGE_STANDARD = "gnu++14";
				CLANG_CXX_LIBRARY = "libc++";
				CLANG_ENABLE_MODULES = YES;
				CLANG_ENABLE_OBJC_ARC = YES;
				CLANG_WARN_BLOCK_CAPTURE_AUTORELEASING = YES;
				CLANG_WARN_BOOL_CONVERSION = YES;
				CLANG_WARN_COMMA = YES;
				CLANG_WARN_CONSTANT_CONVERSION = YES;
				CLANG_WARN_DIRECT_OBJC_ISA_USAGE = YES_ERROR;
				CLANG_WARN_DOCUMENTATION_COMMENTS = YES;
				CLANG_WARN_EMPTY_BODY = YES;
				CLANG_WARN_ENUM_CONVERSION = YES;
				CLANG_WARN_INFINITE_RECURSION = YES;
				CLANG_WARN_INT_CONVERSION = YES;
				CLANG_WARN_NON_LITERAL_NULL_CONVERSION = YES;
				CLANG_WARN_OBJC_LITERAL_CONVERSION = YES;
				CLANG_WARN_OBJC_ROOT_CLASS = YES_ERROR;
				CLANG_WARN_RANGE_LOOP_ANALYSIS = YES;
				CLANG_WARN_STRICT_PROTOTYPES = YES;
				CLANG_WARN_SUSPICIOUS_MOVE = YES;
				CLANG_WARN_UNGUARDED_AVAILABILITY = YES_AGGRESSIVE;
				CLANG_WARN_UNREACHABLE_CODE = YES;
				CLANG_WARN__DUPLICATE_METHOD_MATCH = YES;
				CODE_SIGN_IDENTITY = "iPhone Developer";
				COPY_PHASE_STRIP = NO;
				DEBUG_INFORMATION_FORMAT = dwarf;
				ENABLE_STRICT_OBJC_MSGSEND = YES;
				ENABLE_TESTABILITY = YES;
				GCC_C_LANGUAGE_STANDARD = gnu11;
				GCC_DYNAMIC_NO_PIC = NO;
				GCC_NO_COMMON_BLOCKS = YES;
				GCC_OPTIMIZATION_LEVEL = 0;
				GCC_PREPROCESSOR_DEFINITIONS = (
					"DEBUG=1",
					"$(inherited)",
				);
				GCC_WARN_64_TO_32_BIT_CONVERSION = YES;
				GCC_WARN_ABOUT_RETURN_TYPE = YES_ERROR;
				GCC_WARN_UNDECLARED_SELECTOR = YES;
				GCC_WARN_UNINITIALIZED_AUTOS = YES_AGGRESSIVE;
				GCC_WARN_UNUSED_FUNCTION = YES;
				GCC_WARN_UNUSED_VARIABLE = YES;
				IPHONEOS_DEPLOYMENT_TARGET = 11.1;
				MTL_ENABLE_DEBUG_INFO = YES;
				ONLY_ACTIVE_ARCH = YES;
				SDKROOT = iphoneos;
			};
			name = Debug;
		};
		CBE6F8BC1FB0D01500DD346B /* Release */ = {
			isa = XCBuildConfiguration;
			buildSettings = {
				ALWAYS_SEARCH_USER_PATHS = NO;
				CLANG_ANALYZER_LOCALIZABILITY_NONLOCALIZED = YES;
				CLANG_ANALYZER_NONNULL = YES;
				CLANG_ANALYZER_NUMBER_OBJECT_CONVERSION = YES_AGGRESSIVE;
				CLANG_CXX_LANGUAGE_STANDARD = "gnu++14";
				CLANG_CXX_LIBRARY = "libc++";
				CLANG_ENABLE_MODULES = YES;
				CLANG_ENABLE_OBJC_ARC = YES;
				CLANG_WARN_BLOCK_CAPTURE_AUTORELEASING = YES;
				CLANG_WARN_BOOL_CONVERSION = YES;
				CLANG_WARN_COMMA = YES;
				CLANG_WARN_CONSTANT_CONVERSION = YES;
				CLANG_WARN_DIRECT_OBJC_ISA_USAGE = YES_ERROR;
				CLANG_WARN_DOCUMENTATION_COMMENTS = YES;
				CLANG_WARN_EMPTY_BODY = YES;
				CLANG_WARN_ENUM_CONVERSION = YES;
				CLANG_WARN_INFINITE_RECURSION = YES;
				CLANG_WARN_INT_CONVERSION = YES;
				CLANG_WARN_NON_LITERAL_NULL_CONVERSION = YES;
				CLANG_WARN_OBJC_LITERAL_CONVERSION = YES;
				CLANG_WARN_OBJC_ROOT_CLASS = YES_ERROR;
				CLANG_WARN_RANGE_LOOP_ANALYSIS = YES;
				CLANG_WARN_STRICT_PROTOTYPES = YES;
				CLANG_WARN_SUSPICIOUS_MOVE = YES;
				CLANG_WARN_UNGUARDED_AVAILABILITY = YES_AGGRESSIVE;
				CLANG_WARN_UNREACHABLE_CODE = YES;
				CLANG_WARN__DUPLICATE_METHOD_MATCH = YES;
				CODE_SIGN_IDENTITY = "iPhone Developer";
				COPY_PHASE_STRIP = NO;
				DEBUG_INFORMATION_FORMAT = "dwarf-with-dsym";
				ENABLE_NS_ASSERTIONS = NO;
				ENABLE_STRICT_OBJC_MSGSEND = YES;
				GCC_C_LANGUAGE_STANDARD = gnu11;
				GCC_NO_COMMON_BLOCKS = YES;
				GCC_WARN_64_TO_32_BIT_CONVERSION = YES;
				GCC_WARN_ABOUT_RETURN_TYPE = YES_ERROR;
				GCC_WARN_UNDECLARED_SELECTOR = YES;
				GCC_WARN_UNINITIALIZED_AUTOS = YES_AGGRESSIVE;
				GCC_WARN_UNUSED_FUNCTION = YES;
				GCC_WARN_UNUSED_VARIABLE = YES;
				IPHONEOS_DEPLOYMENT_TARGET = 11.1;
				MTL_ENABLE_DEBUG_INFO = NO;
				SDKROOT = iphoneos;
				VALIDATE_PRODUCT = YES;
			};
			name = Release;
		};
		CBE6F8BE1FB0D01500DD346B /* Debug */ = {
			isa = XCBuildConfiguration;
			baseConfigurationReference = C83FADBBC2154186F119A597 /* Pods-map_yang.debug.xcconfig */;
			buildSettings = {
				ASSETCATALOG_COMPILER_APPICON_NAME = AppIcon;
				CODE_SIGN_STYLE = Automatic;
				DEVELOPMENT_TEAM = 9EF42SN8GN;
				GCC_PRECOMPILE_PREFIX_HEADER = YES;
				GCC_PREFIX_HEADER = "map_yang/map_yang-Prefix.pch";
				INFOPLIST_FILE = map_yang/Info.plist;
				IPHONEOS_DEPLOYMENT_TARGET = 11.0;
				LD_RUNPATH_SEARCH_PATHS = "$(inherited) @executable_path/Frameworks";
				PRODUCT_BUNDLE_IDENTIFIER = "cn.niesiyang.map-yang";
				PRODUCT_NAME = "$(TARGET_NAME)";
				TARGETED_DEVICE_FAMILY = "1,2";
			};
			name = Debug;
		};
		CBE6F8BF1FB0D01500DD346B /* Release */ = {
			isa = XCBuildConfiguration;
			baseConfigurationReference = 3112EBBC239EBB4CBCF91F15 /* Pods-map_yang.release.xcconfig */;
			buildSettings = {
				ASSETCATALOG_COMPILER_APPICON_NAME = AppIcon;
				CODE_SIGN_STYLE = Automatic;
				DEVELOPMENT_TEAM = 9EF42SN8GN;
				GCC_PRECOMPILE_PREFIX_HEADER = YES;
				GCC_PREFIX_HEADER = "map_yang/map_yang-Prefix.pch";
				INFOPLIST_FILE = map_yang/Info.plist;
				IPHONEOS_DEPLOYMENT_TARGET = 11.0;
				LD_RUNPATH_SEARCH_PATHS = "$(inherited) @executable_path/Frameworks";
				PRODUCT_BUNDLE_IDENTIFIER = "cn.niesiyang.map-yang";
				PRODUCT_NAME = "$(TARGET_NAME)";
				TARGETED_DEVICE_FAMILY = "1,2";
			};
			name = Release;
		};
/* End XCBuildConfiguration section */

/* Begin XCConfigurationList section */
		CBE6F8A21FB0D01500DD346B /* Build configuration list for PBXProject "map_yang" */ = {
			isa = XCConfigurationList;
			buildConfigurations = (
				CBE6F8BB1FB0D01500DD346B /* Debug */,
				CBE6F8BC1FB0D01500DD346B /* Release */,
			);
			defaultConfigurationIsVisible = 0;
			defaultConfigurationName = Release;
		};
		CBE6F8BD1FB0D01500DD346B /* Build configuration list for PBXNativeTarget "map_yang" */ = {
			isa = XCConfigurationList;
			buildConfigurations = (
				CBE6F8BE1FB0D01500DD346B /* Debug */,
				CBE6F8BF1FB0D01500DD346B /* Release */,
			);
			defaultConfigurationIsVisible = 0;
			defaultConfigurationName = Release;
		};
/* End XCConfigurationList section */
	};
	rootObject = CBE6F89F1FB0D01500DD346B /* Project object */;
}
